{
  "version": 4,
  "terraform_version": "1.5.7",
  "serial": 92,
  "lineage": "47e68867-d748-627d-2d1c-9eb710ec6790",
  "outputs": {
    "service_account_email": {
      "value": "gravitai-terraform-svc@gravitai-terraform.iam.gserviceaccount.com",
      "type": "string"
    }
  },
  "resources": [
    {
      "mode": "data",
      "type": "google_storage_project_service_account",
      "name": "gcs_account",
      "provider": "provider[\"registry.terraform.io/hashicorp/google\"]",
      "instances": [
        {
          "schema_version": 0,
          "attributes": {
            "email_address": "service-327023952072@gs-project-accounts.iam.gserviceaccount.com",
            "id": "service-327023952072@gs-project-accounts.iam.gserviceaccount.com",
            "member": "serviceAccount:service-327023952072@gs-project-accounts.iam.gserviceaccount.com",
            "project": "gravitai-terraform",
            "user_project": null
          },
          "sensitive_attributes": []
        }
      ]
    },
    {
      "mode": "managed",
      "type": "google_bigquery_dataset",
      "name": "dataset",
      "provider": "provider[\"registry.terraform.io/hashicorp/google\"]",
      "instances": [
        {
          "schema_version": 0,
          "attributes": {
            "access": [
              {
                "dataset": [],
                "domain": "",
                "group_by_email": "",
                "iam_member": "",
                "role": "OWNER",
                "routine": [],
                "special_group": "",
                "user_by_email": "thegmscloud9@gmail.com",
                "view": []
              },
              {
                "dataset": [],
                "domain": "",
                "group_by_email": "",
                "iam_member": "",
                "role": "OWNER",
                "routine": [],
                "special_group": "projectOwners",
                "user_by_email": "",
                "view": []
              },
              {
                "dataset": [],
                "domain": "",
                "group_by_email": "",
                "iam_member": "",
                "role": "READER",
                "routine": [],
                "special_group": "projectReaders",
                "user_by_email": "",
                "view": []
              },
              {
                "dataset": [],
                "domain": "",
                "group_by_email": "",
                "iam_member": "",
                "role": "WRITER",
                "routine": [],
                "special_group": "projectWriters",
                "user_by_email": "",
                "view": []
              }
            ],
            "creation_time": 1741641266765,
            "dataset_id": "gravitai_terraform_dataset",
            "default_collation": "",
            "default_encryption_configuration": [],
            "default_partition_expiration_ms": 0,
            "default_table_expiration_ms": 0,
            "delete_contents_on_destroy": false,
            "description": "This dataset is created via Terraform",
            "effective_labels": {
              "environment": "dev"
            },
            "etag": "qi8f8nQhtm5QBRecf6Q2mg==",
            "external_dataset_reference": [],
            "friendly_name": "My BigQuery Dataset",
            "id": "projects/gravitai-terraform/datasets/gravitai_terraform_dataset",
            "is_case_insensitive": false,
            "labels": {
              "environment": "dev"
            },
            "last_modified_time": 1741641266765,
            "location": "US",
            "max_time_travel_hours": "168",
            "project": "gravitai-terraform",
            "resource_tags": {},
            "self_link": "https://bigquery.googleapis.com/bigquery/v2/projects/gravitai-terraform/datasets/gravitai_terraform_dataset",
            "storage_billing_model": "",
            "terraform_labels": {
              "environment": "dev"
            },
            "timeouts": null
          },
          "sensitive_attributes": [],
          "private": "eyJlMmJmYjczMC1lY2FhLTExZTYtOGY4OC0zNDM2M2JjN2M0YzAiOnsiY3JlYXRlIjoxMjAwMDAwMDAwMDAwLCJkZWxldGUiOjEyMDAwMDAwMDAwMDAsInVwZGF0ZSI6MTIwMDAwMDAwMDAwMH19",
          "dependencies": [
            "google_project_service.enable_apis"
          ]
        }
      ]
    },
    {
      "mode": "managed",
      "type": "google_bigquery_table",
      "name": "final_table",
      "provider": "provider[\"registry.terraform.io/hashicorp/google\"]",
      "instances": [
        {
          "schema_version": 0,
          "attributes": {
            "allow_resource_tags_on_deletion": false,
            "clustering": null,
            "creation_time": 1741641473405,
            "dataset_id": "gravitai_terraform_dataset",
            "deletion_protection": true,
            "description": "",
            "effective_labels": {
              "environment": "dev"
            },
            "encryption_configuration": [],
            "etag": "vtPLYgiTkw0eB3OtGpec7w==",
            "expiration_time": 0,
            "external_data_configuration": [],
            "friendly_name": "",
            "id": "projects/gravitai-terraform/datasets/gravitai_terraform_dataset/tables/gravitai_terraform_users",
            "labels": {
              "environment": "dev"
            },
            "last_modified_time": 1741641473451,
            "location": "US",
            "materialized_view": [],
            "max_staleness": "",
            "num_bytes": 0,
            "num_long_term_bytes": 0,
            "num_rows": 0,
            "project": "gravitai-terraform",
            "range_partitioning": [],
            "require_partition_filter": false,
            "resource_tags": {},
            "schema": "[{\"mode\":\"NULLABLE\",\"name\":\"id\",\"type\":\"INTEGER\"},{\"mode\":\"NULLABLE\",\"name\":\"name\",\"type\":\"STRING\"},{\"mode\":\"NULLABLE\",\"name\":\"email\",\"type\":\"STRING\"},{\"mode\":\"NULLABLE\",\"name\":\"age\",\"type\":\"INTEGER\"},{\"mode\":\"NULLABLE\",\"name\":\"country\",\"type\":\"STRING\"},{\"mode\":\"NULLABLE\",\"name\":\"signup_date\",\"type\":\"DATE\"},{\"mode\":\"NULLABLE\",\"name\":\"last_login\",\"type\":\"DATE\"},{\"mode\":\"NULLABLE\",\"name\":\"status\",\"type\":\"STRING\"},{\"mode\":\"NULLABLE\",\"name\":\"purchase_amount\",\"type\":\"FLOAT\"},{\"mode\":\"NULLABLE\",\"name\":\"membership_level\",\"type\":\"STRING\"},{\"mode\":\"NULLABLE\",\"name\":\"source_filename\",\"type\":\"STRING\"},{\"mode\":\"NULLABLE\",\"name\":\"ingest_timestamp\",\"type\":\"TIMESTAMP\"}]",
            "self_link": "https://bigquery.googleapis.com/bigquery/v2/projects/gravitai-terraform/datasets/gravitai_terraform_dataset/tables/gravitai_terraform_users",
            "table_constraints": [],
            "table_id": "gravitai_terraform_users",
            "table_replication_info": [],
            "terraform_labels": {
              "environment": "dev"
            },
            "time_partitioning": [
              {
                "expiration_ms": 0,
                "field": "ingest_timestamp",
                "require_partition_filter": false,
                "type": "DAY"
              }
            ],
            "type": "TABLE",
            "view": []
          },
          "sensitive_attributes": [],
          "private": "bnVsbA==",
          "dependencies": [
            "google_bigquery_dataset.dataset",
            "google_project_service.enable_apis"
          ]
        }
      ]
    },
    {
      "mode": "managed",
      "type": "google_bigquery_table",
      "name": "stage_table",
      "provider": "provider[\"registry.terraform.io/hashicorp/google\"]",
      "instances": [
        {
          "schema_version": 0,
          "attributes": {
            "allow_resource_tags_on_deletion": false,
            "clustering": null,
            "creation_time": 1741641407766,
            "dataset_id": "gravitai_terraform_dataset",
            "deletion_protection": true,
            "description": "",
            "effective_labels": {
              "environment": "dev"
            },
            "encryption_configuration": [],
            "etag": "tVeyS1EvAaIy8xI98T60Ig==",
            "expiration_time": 0,
            "external_data_configuration": [],
            "friendly_name": "",
            "id": "projects/gravitai-terraform/datasets/gravitai_terraform_dataset/tables/gravitai_terraform_user_stage",
            "labels": {
              "environment": "dev"
            },
            "last_modified_time": 1741641407839,
            "location": "US",
            "materialized_view": [],
            "max_staleness": "",
            "num_bytes": 0,
            "num_long_term_bytes": 0,
            "num_rows": 0,
            "project": "gravitai-terraform",
            "range_partitioning": [],
            "require_partition_filter": false,
            "resource_tags": {},
            "schema": "[{\"mode\":\"NULLABLE\",\"name\":\"id\",\"type\":\"INTEGER\"},{\"mode\":\"NULLABLE\",\"name\":\"name\",\"type\":\"STRING\"},{\"mode\":\"NULLABLE\",\"name\":\"email\",\"type\":\"STRING\"},{\"mode\":\"NULLABLE\",\"name\":\"age\",\"type\":\"INTEGER\"},{\"mode\":\"NULLABLE\",\"name\":\"country\",\"type\":\"STRING\"},{\"mode\":\"NULLABLE\",\"name\":\"signup_date\",\"type\":\"DATE\"},{\"mode\":\"NULLABLE\",\"name\":\"last_login\",\"type\":\"DATE\"},{\"mode\":\"NULLABLE\",\"name\":\"status\",\"type\":\"STRING\"},{\"mode\":\"NULLABLE\",\"name\":\"purchase_amount\",\"type\":\"FLOAT\"},{\"mode\":\"NULLABLE\",\"name\":\"membership_level\",\"type\":\"STRING\"}]",
            "self_link": "https://bigquery.googleapis.com/bigquery/v2/projects/gravitai-terraform/datasets/gravitai_terraform_dataset/tables/gravitai_terraform_user_stage",
            "table_constraints": [],
            "table_id": "gravitai_terraform_user_stage",
            "table_replication_info": [],
            "terraform_labels": {
              "environment": "dev"
            },
            "time_partitioning": [],
            "type": "TABLE",
            "view": []
          },
          "sensitive_attributes": [],
          "private": "bnVsbA==",
          "dependencies": [
            "google_bigquery_dataset.dataset",
            "google_project_service.enable_apis"
          ]
        }
      ]
    },
    {
      "mode": "managed",
      "type": "google_cloudfunctions2_function",
      "name": "csv_processing_function",
      "provider": "provider[\"registry.terraform.io/hashicorp/google\"]",
      "instances": [
        {
          "schema_version": 0,
          "attributes": {
            "build_config": [
              {
                "automatic_update_policy": [
                  {}
                ],
                "build": "projects/327023952072/locations/us-central1/builds/c1cbadc0-3f78-45a4-b16e-5aeb35d6fe1f",
                "docker_repository": "projects/gravitai-terraform/locations/us-central1/repositories/gcf-artifacts",
                "entry_point": "process_csv",
                "environment_variables": {},
                "on_deploy_update_policy": [],
                "runtime": "python312",
                "service_account": "projects/gravitai-terraform/serviceAccounts/327023952072-compute@developer.gserviceaccount.com",
                "source": [
                  {
                    "repo_source": [],
                    "storage_source": [
                      {
                        "bucket": "gravitai-terraform_cf_code_bucket",
                        "generation": 1741645276803262,
                        "object": "file-process.zip"
                      }
                    ]
                  }
                ],
                "worker_pool": ""
              }
            ],
            "description": "",
            "effective_labels": {},
            "environment": "GEN_2",
            "event_trigger": [],
            "id": "projects/gravitai-terraform/locations/us-central1/functions/csv-processing-function",
            "kms_key_name": "",
            "labels": {},
            "location": "us-central1",
            "name": "csv-processing-function",
            "project": "gravitai-terraform",
            "service_config": [
              {
                "all_traffic_on_latest_revision": true,
                "available_cpu": "0.1666",
                "available_memory": "256Mi",
                "environment_variables": {
                  "ARCHIVE_BUCKET_NAME": "gravitai-terraform-archive2",
                  "DATASET_ID": "gravitai_terraform_dataset",
                  "FINAL_TABLE_ID": "projects/gravitai-terraform/datasets/gravitai_terraform_dataset/tables/gravitai_terraform_users",
                  "LOG_EXECUTION_ID": "true",
                  "STAGING_TABLE_ID": "projects/gravitai-terraform/datasets/gravitai_terraform_dataset/tables/gravitai_terraform_user_stage"
                },
                "gcf_uri": "",
                "ingress_settings": "ALLOW_ALL",
                "max_instance_count": 1,
                "max_instance_request_concurrency": 1,
                "min_instance_count": 0,
                "secret_environment_variables": [],
                "secret_volumes": [],
                "service": "projects/gravitai-terraform/locations/us-central1/services/csv-processing-function",
                "service_account_email": "327023952072-compute@developer.gserviceaccount.com",
                "timeout_seconds": 60,
                "uri": "https://csv-processing-function-mmswjlfewa-uc.a.run.app",
                "vpc_connector": "",
                "vpc_connector_egress_settings": ""
              }
            ],
            "state": "ACTIVE",
            "terraform_labels": {},
            "timeouts": null,
            "update_time": "2025-03-10T22:22:40.730024366Z",
            "url": "https://us-central1-gravitai-terraform.cloudfunctions.net/csv-processing-function"
          },
          "sensitive_attributes": [],
          "private": "eyJlMmJmYjczMC1lY2FhLTExZTYtOGY4OC0zNDM2M2JjN2M0YzAiOnsiY3JlYXRlIjozNjAwMDAwMDAwMDAwLCJkZWxldGUiOjM2MDAwMDAwMDAwMDAsInVwZGF0ZSI6MzYwMDAwMDAwMDAwMH19",
          "dependencies": [
            "google_bigquery_dataset.dataset",
            "google_bigquery_table.final_table",
            "google_bigquery_table.stage_table",
            "google_storage_bucket.archive",
            "google_storage_bucket.cf_code_bucket",
            "google_storage_bucket_object.file_process"
          ]
        }
      ]
    },
    {
      "mode": "managed",
      "type": "google_cloudfunctions2_function",
      "name": "file_validations_function",
      "provider": "provider[\"registry.terraform.io/hashicorp/google\"]",
      "instances": [
        {
          "status": "tainted",
          "schema_version": 0,
          "attributes": {
            "build_config": [
              {
                "automatic_update_policy": [],
                "build": "",
                "docker_repository": "",
                "entry_point": "validate_file",
                "environment_variables": {},
                "on_deploy_update_policy": [],
                "runtime": "python312",
                "service_account": "",
                "source": [
                  {
                    "repo_source": [],
                    "storage_source": [
                      {
                        "bucket": "gravitai-terraform_cf_code_bucket",
                        "generation": 0,
                        "object": "file-validations.zip"
                      }
                    ]
                  }
                ],
                "worker_pool": ""
              }
            ],
            "description": null,
            "effective_labels": null,
            "environment": null,
            "event_trigger": [
              {
                "event_filters": [
                  {
                    "attribute": "bucket",
                    "operator": "",
                    "value": "gravitai-terraform-source"
                  }
                ],
                "event_type": "google.cloud.storage.object.v1.finalized",
                "pubsub_topic": "",
                "retry_policy": "RETRY_POLICY_RETRY",
                "service_account_email": "gcf-sa@gravitai-terraform.iam.gserviceaccount.com",
                "trigger": "",
                "trigger_region": ""
              }
            ],
            "id": "projects/gravitai-terraform/locations/us-central1/functions/file-validations-function",
            "kms_key_name": null,
            "labels": null,
            "location": "us-central1",
            "name": "file-validations-function",
            "project": "gravitai-terraform",
            "service_config": [
              {
                "all_traffic_on_latest_revision": true,
                "available_cpu": "",
                "available_memory": "256Mi",
                "environment_variables": {
                  "ERROR_BUCKET_NAME": "gravitai-terraform-error"
                },
                "gcf_uri": "",
                "ingress_settings": "ALLOW_ALL",
                "max_instance_count": 1,
                "max_instance_request_concurrency": 0,
                "min_instance_count": 0,
                "secret_environment_variables": [],
                "secret_volumes": [],
                "service": "",
                "service_account_email": "",
                "timeout_seconds": 60,
                "uri": "",
                "vpc_connector": "",
                "vpc_connector_egress_settings": ""
              }
            ],
            "state": null,
            "terraform_labels": null,
            "timeouts": null,
            "update_time": null,
            "url": null
          },
          "sensitive_attributes": [],
          "private": "eyJlMmJmYjczMC1lY2FhLTExZTYtOGY4OC0zNDM2M2JjN2M0YzAiOnsiY3JlYXRlIjozNjAwMDAwMDAwMDAwLCJkZWxldGUiOjM2MDAwMDAwMDAwMDAsInVwZGF0ZSI6MzYwMDAwMDAwMDAwMH19",
          "dependencies": [
            "google_service_account.account",
            "google_storage_bucket.cf_code_bucket",
            "google_storage_bucket.error",
            "google_storage_bucket.source",
            "google_storage_bucket_object.file_validations"
          ]
        }
      ]
    },
    {
      "mode": "managed",
      "type": "google_project_iam_member",
      "name": "artifactregistry-reader",
      "provider": "provider[\"registry.terraform.io/hashicorp/google\"]",
      "instances": [
        {
          "schema_version": 0,
          "attributes": {
            "condition": [],
            "etag": "BwYwBGzA+u4=",
            "id": "gravitai-terraform/roles/artifactregistry.reader/serviceAccount:gcf-sa@gravitai-terraform.iam.gserviceaccount.com",
            "member": "serviceAccount:gcf-sa@gravitai-terraform.iam.gserviceaccount.com",
            "project": "gravitai-terraform",
            "role": "roles/artifactregistry.reader"
          },
          "sensitive_attributes": [],
          "private": "bnVsbA==",
          "dependencies": [
            "data.google_storage_project_service_account.gcs_account",
            "google_project_iam_member.event-receiving",
            "google_project_iam_member.gcs-pubsub-publishing",
            "google_project_iam_member.invoking",
            "google_service_account.account"
          ]
        }
      ]
    },
    {
      "mode": "managed",
      "type": "google_project_iam_member",
      "name": "cloud_run_invoker",
      "provider": "provider[\"registry.terraform.io/hashicorp/google\"]",
      "instances": [
        {
          "schema_version": 0,
          "attributes": {
            "condition": [],
            "etag": "BwYwBGzA+u4=",
            "id": "gravitai-terraform/roles/run.invoker/serviceAccount:gravitai-terraform-svc@gravitai-terraform.iam.gserviceaccount.com",
            "member": "serviceAccount:gravitai-terraform-svc@gravitai-terraform.iam.gserviceaccount.com",
            "project": "gravitai-terraform",
            "role": "roles/run.invoker"
          },
          "sensitive_attributes": [],
          "private": "bnVsbA==",
          "dependencies": [
            "google_service_account.sa"
          ]
        }
      ]
    },
    {
      "mode": "managed",
      "type": "google_project_iam_member",
      "name": "event-receiving",
      "provider": "provider[\"registry.terraform.io/hashicorp/google\"]",
      "instances": [
        {
          "schema_version": 0,
          "attributes": {
            "condition": [],
            "etag": "BwYwBGzA+u4=",
            "id": "gravitai-terraform/roles/eventarc.eventReceiver/serviceAccount:gcf-sa@gravitai-terraform.iam.gserviceaccount.com",
            "member": "serviceAccount:gcf-sa@gravitai-terraform.iam.gserviceaccount.com",
            "project": "gravitai-terraform",
            "role": "roles/eventarc.eventReceiver"
          },
          "sensitive_attributes": [],
          "private": "bnVsbA==",
          "dependencies": [
            "data.google_storage_project_service_account.gcs_account",
            "google_project_iam_member.gcs-pubsub-publishing",
            "google_project_iam_member.invoking",
            "google_service_account.account"
          ]
        }
      ]
    },
    {
      "mode": "managed",
      "type": "google_project_iam_member",
      "name": "gcs-pubsub-publishing",
      "provider": "provider[\"registry.terraform.io/hashicorp/google\"]",
      "instances": [
        {
          "schema_version": 0,
          "attributes": {
            "condition": [],
            "etag": "BwYwBGzA+u4=",
            "id": "gravitai-terraform/roles/pubsub.publisher/serviceAccount:service-327023952072@gs-project-accounts.iam.gserviceaccount.com",
            "member": "serviceAccount:service-327023952072@gs-project-accounts.iam.gserviceaccount.com",
            "project": "gravitai-terraform",
            "role": "roles/pubsub.publisher"
          },
          "sensitive_attributes": [],
          "private": "bnVsbA==",
          "dependencies": [
            "data.google_storage_project_service_account.gcs_account"
          ]
        }
      ]
    },
    {
      "mode": "managed",
      "type": "google_project_iam_member",
      "name": "invoking",
      "provider": "provider[\"registry.terraform.io/hashicorp/google\"]",
      "instances": [
        {
          "schema_version": 0,
          "attributes": {
            "condition": [],
            "etag": "BwYwBGzA+u4=",
            "id": "gravitai-terraform/roles/run.invoker/serviceAccount:gcf-sa@gravitai-terraform.iam.gserviceaccount.com",
            "member": "serviceAccount:gcf-sa@gravitai-terraform.iam.gserviceaccount.com",
            "project": "gravitai-terraform",
            "role": "roles/run.invoker"
          },
          "sensitive_attributes": [],
          "private": "bnVsbA==",
          "dependencies": [
            "data.google_storage_project_service_account.gcs_account",
            "google_project_iam_member.gcs-pubsub-publishing",
            "google_service_account.account"
          ]
        }
      ]
    },
    {
      "mode": "managed",
      "type": "google_project_iam_member",
      "name": "sa_token_creator",
      "provider": "provider[\"registry.terraform.io/hashicorp/google\"]",
      "instances": [
        {
          "schema_version": 0,
          "attributes": {
            "condition": [],
            "etag": "BwYwBGzA+u4=",
            "id": "gravitai-terraform/roles/iam.serviceAccountTokenCreator/serviceAccount:gravitai-terraform-svc@gravitai-terraform.iam.gserviceaccount.com",
            "member": "serviceAccount:gravitai-terraform-svc@gravitai-terraform.iam.gserviceaccount.com",
            "project": "gravitai-terraform",
            "role": "roles/iam.serviceAccountTokenCreator"
          },
          "sensitive_attributes": [],
          "private": "bnVsbA==",
          "dependencies": [
            "google_service_account.sa"
          ]
        }
      ]
    },
    {
      "mode": "managed",
      "type": "google_project_service",
      "name": "enable_apis",
      "provider": "provider[\"registry.terraform.io/hashicorp/google\"]",
      "instances": [
        {
          "index_key": "artifactregistry.googleapis.com",
          "schema_version": 0,
          "attributes": {
            "disable_dependent_services": null,
            "disable_on_destroy": false,
            "id": "gravitai-terraform/artifactregistry.googleapis.com",
            "project": "gravitai-terraform",
            "service": "artifactregistry.googleapis.com",
            "timeouts": null
          },
          "sensitive_attributes": [],
          "private": "eyJlMmJmYjczMC1lY2FhLTExZTYtOGY4OC0zNDM2M2JjN2M0YzAiOnsiY3JlYXRlIjoxMjAwMDAwMDAwMDAwLCJkZWxldGUiOjEyMDAwMDAwMDAwMDAsInJlYWQiOjYwMDAwMDAwMDAwMCwidXBkYXRlIjoxMjAwMDAwMDAwMDAwfX0="
        },
        {
          "index_key": "bigquery.googleapis.com",
          "schema_version": 0,
          "attributes": {
            "disable_dependent_services": null,
            "disable_on_destroy": false,
            "id": "gravitai-terraform/bigquery.googleapis.com",
            "project": "gravitai-terraform",
            "service": "bigquery.googleapis.com",
            "timeouts": null
          },
          "sensitive_attributes": [],
          "private": "eyJlMmJmYjczMC1lY2FhLTExZTYtOGY4OC0zNDM2M2JjN2M0YzAiOnsiY3JlYXRlIjoxMjAwMDAwMDAwMDAwLCJkZWxldGUiOjEyMDAwMDAwMDAwMDAsInJlYWQiOjYwMDAwMDAwMDAwMCwidXBkYXRlIjoxMjAwMDAwMDAwMDAwfX0="
        },
        {
          "index_key": "cloudbuild.googleapis.com",
          "schema_version": 0,
          "attributes": {
            "disable_dependent_services": null,
            "disable_on_destroy": false,
            "id": "gravitai-terraform/cloudbuild.googleapis.com",
            "project": "gravitai-terraform",
            "service": "cloudbuild.googleapis.com",
            "timeouts": null
          },
          "sensitive_attributes": [],
          "private": "eyJlMmJmYjczMC1lY2FhLTExZTYtOGY4OC0zNDM2M2JjN2M0YzAiOnsiY3JlYXRlIjoxMjAwMDAwMDAwMDAwLCJkZWxldGUiOjEyMDAwMDAwMDAwMDAsInJlYWQiOjYwMDAwMDAwMDAwMCwidXBkYXRlIjoxMjAwMDAwMDAwMDAwfX0="
        },
        {
          "index_key": "cloudfunctions.googleapis.com",
          "schema_version": 0,
          "attributes": {
            "disable_dependent_services": null,
            "disable_on_destroy": false,
            "id": "gravitai-terraform/cloudfunctions.googleapis.com",
            "project": "gravitai-terraform",
            "service": "cloudfunctions.googleapis.com",
            "timeouts": null
          },
          "sensitive_attributes": [],
          "private": "eyJlMmJmYjczMC1lY2FhLTExZTYtOGY4OC0zNDM2M2JjN2M0YzAiOnsiY3JlYXRlIjoxMjAwMDAwMDAwMDAwLCJkZWxldGUiOjEyMDAwMDAwMDAwMDAsInJlYWQiOjYwMDAwMDAwMDAwMCwidXBkYXRlIjoxMjAwMDAwMDAwMDAwfX0="
        },
        {
          "index_key": "cloudresourcemanager.googleapis.com",
          "schema_version": 0,
          "attributes": {
            "disable_dependent_services": null,
            "disable_on_destroy": false,
            "id": "gravitai-terraform/cloudresourcemanager.googleapis.com",
            "project": "gravitai-terraform",
            "service": "cloudresourcemanager.googleapis.com",
            "timeouts": null
          },
          "sensitive_attributes": [],
          "private": "eyJlMmJmYjczMC1lY2FhLTExZTYtOGY4OC0zNDM2M2JjN2M0YzAiOnsiY3JlYXRlIjoxMjAwMDAwMDAwMDAwLCJkZWxldGUiOjEyMDAwMDAwMDAwMDAsInJlYWQiOjYwMDAwMDAwMDAwMCwidXBkYXRlIjoxMjAwMDAwMDAwMDAwfX0="
        },
        {
          "index_key": "eventarc.googleapis.com",
          "schema_version": 0,
          "attributes": {
            "disable_dependent_services": null,
            "disable_on_destroy": false,
            "id": "gravitai-terraform/eventarc.googleapis.com",
            "project": "gravitai-terraform",
            "service": "eventarc.googleapis.com",
            "timeouts": null
          },
          "sensitive_attributes": [],
          "private": "eyJlMmJmYjczMC1lY2FhLTExZTYtOGY4OC0zNDM2M2JjN2M0YzAiOnsiY3JlYXRlIjoxMjAwMDAwMDAwMDAwLCJkZWxldGUiOjEyMDAwMDAwMDAwMDAsInJlYWQiOjYwMDAwMDAwMDAwMCwidXBkYXRlIjoxMjAwMDAwMDAwMDAwfX0="
        },
        {
          "index_key": "iam.googleapis.com",
          "schema_version": 0,
          "attributes": {
            "disable_dependent_services": null,
            "disable_on_destroy": false,
            "id": "gravitai-terraform/iam.googleapis.com",
            "project": "gravitai-terraform",
            "service": "iam.googleapis.com",
            "timeouts": null
          },
          "sensitive_attributes": [],
          "private": "eyJlMmJmYjczMC1lY2FhLTExZTYtOGY4OC0zNDM2M2JjN2M0YzAiOnsiY3JlYXRlIjoxMjAwMDAwMDAwMDAwLCJkZWxldGUiOjEyMDAwMDAwMDAwMDAsInJlYWQiOjYwMDAwMDAwMDAwMCwidXBkYXRlIjoxMjAwMDAwMDAwMDAwfX0="
        },
        {
          "index_key": "pubsub.googleapis.com",
          "schema_version": 0,
          "attributes": {
            "disable_dependent_services": null,
            "disable_on_destroy": false,
            "id": "gravitai-terraform/pubsub.googleapis.com",
            "project": "gravitai-terraform",
            "service": "pubsub.googleapis.com",
            "timeouts": null
          },
          "sensitive_attributes": [],
          "private": "eyJlMmJmYjczMC1lY2FhLTExZTYtOGY4OC0zNDM2M2JjN2M0YzAiOnsiY3JlYXRlIjoxMjAwMDAwMDAwMDAwLCJkZWxldGUiOjEyMDAwMDAwMDAwMDAsInJlYWQiOjYwMDAwMDAwMDAwMCwidXBkYXRlIjoxMjAwMDAwMDAwMDAwfX0="
        },
        {
          "index_key": "run.googleapis.com",
          "schema_version": 0,
          "attributes": {
            "disable_dependent_services": null,
            "disable_on_destroy": false,
            "id": "gravitai-terraform/run.googleapis.com",
            "project": "gravitai-terraform",
            "service": "run.googleapis.com",
            "timeouts": null
          },
          "sensitive_attributes": [],
          "private": "eyJlMmJmYjczMC1lY2FhLTExZTYtOGY4OC0zNDM2M2JjN2M0YzAiOnsiY3JlYXRlIjoxMjAwMDAwMDAwMDAwLCJkZWxldGUiOjEyMDAwMDAwMDAwMDAsInJlYWQiOjYwMDAwMDAwMDAwMCwidXBkYXRlIjoxMjAwMDAwMDAwMDAwfX0="
        },
        {
          "index_key": "storage.googleapis.com",
          "schema_version": 0,
          "attributes": {
            "disable_dependent_services": null,
            "disable_on_destroy": false,
            "id": "gravitai-terraform/storage.googleapis.com",
            "project": "gravitai-terraform",
            "service": "storage.googleapis.com",
            "timeouts": null
          },
          "sensitive_attributes": [],
          "private": "eyJlMmJmYjczMC1lY2FhLTExZTYtOGY4OC0zNDM2M2JjN2M0YzAiOnsiY3JlYXRlIjoxMjAwMDAwMDAwMDAwLCJkZWxldGUiOjEyMDAwMDAwMDAwMDAsInJlYWQiOjYwMDAwMDAwMDAwMCwidXBkYXRlIjoxMjAwMDAwMDAwMDAwfX0="
        },
        {
          "index_key": "workflows.googleapis.com",
          "schema_version": 0,
          "attributes": {
            "disable_dependent_services": null,
            "disable_on_destroy": false,
            "id": "gravitai-terraform/workflows.googleapis.com",
            "project": "gravitai-terraform",
            "service": "workflows.googleapis.com",
            "timeouts": null
          },
          "sensitive_attributes": [],
          "private": "eyJlMmJmYjczMC1lY2FhLTExZTYtOGY4OC0zNDM2M2JjN2M0YzAiOnsiY3JlYXRlIjoxMjAwMDAwMDAwMDAwLCJkZWxldGUiOjEyMDAwMDAwMDAwMDAsInJlYWQiOjYwMDAwMDAwMDAwMCwidXBkYXRlIjoxMjAwMDAwMDAwMDAwfX0="
        }
      ]
    },
    {
      "mode": "managed",
      "type": "google_pubsub_topic",
      "name": "failed",
      "provider": "provider[\"registry.terraform.io/hashicorp/google\"]",
      "instances": [
        {
          "schema_version": 0,
          "attributes": {
            "effective_labels": {
              "environment": "dev"
            },
            "id": "projects/gravitai-terraform/topics/gravitai-terraform_failed",
            "ingestion_data_source_settings": [],
            "kms_key_name": "",
            "labels": {
              "environment": "dev"
            },
            "message_retention_duration": "",
            "message_storage_policy": [],
            "name": "gravitai-terraform_failed",
            "project": "gravitai-terraform",
            "schema_settings": [],
            "terraform_labels": {
              "environment": "dev"
            },
            "timeouts": null
          },
          "sensitive_attributes": [],
          "private": "eyJlMmJmYjczMC1lY2FhLTExZTYtOGY4OC0zNDM2M2JjN2M0YzAiOnsiY3JlYXRlIjoxMjAwMDAwMDAwMDAwLCJkZWxldGUiOjEyMDAwMDAwMDAwMDAsInVwZGF0ZSI6MTIwMDAwMDAwMDAwMH19",
          "dependencies": [
            "google_project_service.enable_apis"
          ]
        }
      ]
    },
    {
      "mode": "managed",
      "type": "google_pubsub_topic",
      "name": "validated",
      "provider": "provider[\"registry.terraform.io/hashicorp/google\"]",
      "instances": [
        {
          "schema_version": 0,
          "attributes": {
            "effective_labels": {
              "environment": "dev"
            },
            "id": "projects/gravitai-terraform/topics/gravitai-terraform_validated",
            "ingestion_data_source_settings": [],
            "kms_key_name": "",
            "labels": {
              "environment": "dev"
            },
            "message_retention_duration": "",
            "message_storage_policy": [],
            "name": "gravitai-terraform_validated",
            "project": "gravitai-terraform",
            "schema_settings": [],
            "terraform_labels": {
              "environment": "dev"
            },
            "timeouts": null
          },
          "sensitive_attributes": [],
          "private": "eyJlMmJmYjczMC1lY2FhLTExZTYtOGY4OC0zNDM2M2JjN2M0YzAiOnsiY3JlYXRlIjoxMjAwMDAwMDAwMDAwLCJkZWxldGUiOjEyMDAwMDAwMDAwMDAsInVwZGF0ZSI6MTIwMDAwMDAwMDAwMH19",
          "dependencies": [
            "google_project_service.enable_apis"
          ]
        }
      ]
    },
    {
      "mode": "managed",
      "type": "google_service_account",
      "name": "account",
      "provider": "provider[\"registry.terraform.io/hashicorp/google\"]",
      "instances": [
        {
          "schema_version": 0,
          "attributes": {
            "account_id": "gcf-sa",
            "create_ignore_already_exists": null,
            "description": "",
            "disabled": false,
            "display_name": "Test Service Account - used for both the cloud function and eventarc trigger in the test",
            "email": "gcf-sa@gravitai-terraform.iam.gserviceaccount.com",
            "id": "projects/gravitai-terraform/serviceAccounts/gcf-sa@gravitai-terraform.iam.gserviceaccount.com",
            "member": "serviceAccount:gcf-sa@gravitai-terraform.iam.gserviceaccount.com",
            "name": "projects/gravitai-terraform/serviceAccounts/gcf-sa@gravitai-terraform.iam.gserviceaccount.com",
            "project": "gravitai-terraform",
            "timeouts": null,
            "unique_id": "112498660103442572391"
          },
          "sensitive_attributes": [],
          "private": "eyJlMmJmYjczMC1lY2FhLTExZTYtOGY4OC0zNDM2M2JjN2M0YzAiOnsiY3JlYXRlIjozMDAwMDAwMDAwMDB9fQ=="
        }
      ]
    },
    {
      "mode": "managed",
      "type": "google_service_account",
      "name": "sa",
      "provider": "provider[\"registry.terraform.io/hashicorp/google\"]",
      "instances": [
        {
          "schema_version": 0,
          "attributes": {
            "account_id": "gravitai-terraform-svc",
            "create_ignore_already_exists": null,
            "description": "",
            "disabled": false,
            "display_name": "Service Account for Cloud Run",
            "email": "gravitai-terraform-svc@gravitai-terraform.iam.gserviceaccount.com",
            "id": "projects/gravitai-terraform/serviceAccounts/gravitai-terraform-svc@gravitai-terraform.iam.gserviceaccount.com",
            "member": "serviceAccount:gravitai-terraform-svc@gravitai-terraform.iam.gserviceaccount.com",
            "name": "projects/gravitai-terraform/serviceAccounts/gravitai-terraform-svc@gravitai-terraform.iam.gserviceaccount.com",
            "project": "gravitai-terraform",
            "timeouts": null,
            "unique_id": "113209886369117897432"
          },
          "sensitive_attributes": [],
          "private": "eyJlMmJmYjczMC1lY2FhLTExZTYtOGY4OC0zNDM2M2JjN2M0YzAiOnsiY3JlYXRlIjozMDAwMDAwMDAwMDB9fQ=="
        }
      ]
    },
    {
      "mode": "managed",
      "type": "google_storage_bucket",
      "name": "archive",
      "provider": "provider[\"registry.terraform.io/hashicorp/google\"]",
      "instances": [
        {
          "schema_version": 2,
          "attributes": {
            "autoclass": [],
            "cors": [],
            "custom_placement_config": [],
            "default_event_based_hold": false,
            "effective_labels": {},
            "enable_object_retention": false,
            "encryption": [],
            "force_destroy": false,
            "id": "gravitai-terraform-archive2",
            "labels": {},
            "lifecycle_rule": [],
            "location": "US-CENTRAL1",
            "logging": [],
            "name": "gravitai-terraform-archive2",
            "project": "gravitai-terraform",
            "project_number": 327023952072,
            "public_access_prevention": "inherited",
            "requester_pays": false,
            "retention_policy": [],
            "rpo": null,
            "self_link": "https://www.googleapis.com/storage/v1/b/gravitai-terraform-archive2",
            "soft_delete_policy": [
              {
                "effective_time": "2025-03-10T22:21:14.683Z",
                "retention_duration_seconds": 604800
              }
            ],
            "storage_class": "STANDARD",
            "terraform_labels": {},
            "timeouts": null,
            "uniform_bucket_level_access": true,
            "url": "gs://gravitai-terraform-archive2",
            "versioning": [],
            "website": []
          },
          "sensitive_attributes": [],
          "private": "eyJlMmJmYjczMC1lY2FhLTExZTYtOGY4OC0zNDM2M2JjN2M0YzAiOnsiY3JlYXRlIjo2MDAwMDAwMDAwMDAsInJlYWQiOjI0MDAwMDAwMDAwMCwidXBkYXRlIjoyNDAwMDAwMDAwMDB9LCJzY2hlbWFfdmVyc2lvbiI6IjIifQ=="
        }
      ]
    },
    {
      "mode": "managed",
      "type": "google_storage_bucket",
      "name": "cf_code_bucket",
      "provider": "provider[\"registry.terraform.io/hashicorp/google\"]",
      "instances": [
        {
          "schema_version": 2,
          "attributes": {
            "autoclass": [],
            "cors": [],
            "custom_placement_config": [],
            "default_event_based_hold": false,
            "effective_labels": {},
            "enable_object_retention": false,
            "encryption": [],
            "force_destroy": false,
            "id": "gravitai-terraform_cf_code_bucket",
            "labels": {},
            "lifecycle_rule": [],
            "location": "US-CENTRAL1",
            "logging": [],
            "name": "gravitai-terraform_cf_code_bucket",
            "project": "gravitai-terraform",
            "project_number": 327023952072,
            "public_access_prevention": "inherited",
            "requester_pays": false,
            "retention_policy": [],
            "rpo": null,
            "self_link": "https://www.googleapis.com/storage/v1/b/gravitai-terraform_cf_code_bucket",
            "soft_delete_policy": [
              {
                "effective_time": "2025-03-10T21:49:25.292Z",
                "retention_duration_seconds": 604800
              }
            ],
            "storage_class": "STANDARD",
            "terraform_labels": {},
            "timeouts": null,
            "uniform_bucket_level_access": false,
            "url": "gs://gravitai-terraform_cf_code_bucket",
            "versioning": [
              {
                "enabled": true
              }
            ],
            "website": []
          },
          "sensitive_attributes": [],
          "private": "eyJlMmJmYjczMC1lY2FhLTExZTYtOGY4OC0zNDM2M2JjN2M0YzAiOnsiY3JlYXRlIjo2MDAwMDAwMDAwMDAsInJlYWQiOjI0MDAwMDAwMDAwMCwidXBkYXRlIjoyNDAwMDAwMDAwMDB9LCJzY2hlbWFfdmVyc2lvbiI6IjIifQ==",
          "dependencies": [
            "google_project_service.enable_apis"
          ]
        }
      ]
    },
    {
      "mode": "managed",
      "type": "google_storage_bucket",
      "name": "error",
      "provider": "provider[\"registry.terraform.io/hashicorp/google\"]",
      "instances": [
        {
          "schema_version": 2,
          "attributes": {
            "autoclass": [],
            "cors": [],
            "custom_placement_config": [],
            "default_event_based_hold": false,
            "effective_labels": {},
            "enable_object_retention": false,
            "encryption": [],
            "force_destroy": false,
            "id": "gravitai-terraform-error",
            "labels": {},
            "lifecycle_rule": [],
            "location": "US-CENTRAL1",
            "logging": [],
            "name": "gravitai-terraform-error",
            "project": "gravitai-terraform",
            "project_number": 327023952072,
            "public_access_prevention": "inherited",
            "requester_pays": false,
            "retention_policy": [],
            "rpo": null,
            "self_link": "https://www.googleapis.com/storage/v1/b/gravitai-terraform-error",
            "soft_delete_policy": [
              {
                "effective_time": "2025-03-10T22:19:19.243Z",
                "retention_duration_seconds": 604800
              }
            ],
            "storage_class": "STANDARD",
            "terraform_labels": {},
            "timeouts": null,
            "uniform_bucket_level_access": true,
            "url": "gs://gravitai-terraform-error",
            "versioning": [],
            "website": []
          },
          "sensitive_attributes": [],
          "private": "eyJlMmJmYjczMC1lY2FhLTExZTYtOGY4OC0zNDM2M2JjN2M0YzAiOnsiY3JlYXRlIjo2MDAwMDAwMDAwMDAsInJlYWQiOjI0MDAwMDAwMDAwMCwidXBkYXRlIjoyNDAwMDAwMDAwMDB9LCJzY2hlbWFfdmVyc2lvbiI6IjIifQ=="
        }
      ]
    },
    {
      "mode": "managed",
      "type": "google_storage_bucket",
      "name": "source",
      "provider": "provider[\"registry.terraform.io/hashicorp/google\"]",
      "instances": [
        {
          "schema_version": 2,
          "attributes": {
            "autoclass": [],
            "cors": [],
            "custom_placement_config": [],
            "default_event_based_hold": false,
            "effective_labels": {},
            "enable_object_retention": false,
            "encryption": [],
            "force_destroy": false,
            "id": "gravitai-terraform-source",
            "labels": {},
            "lifecycle_rule": [],
            "location": "US-CENTRAL1",
            "logging": [],
            "name": "gravitai-terraform-source",
            "project": "gravitai-terraform",
            "project_number": 327023952072,
            "public_access_prevention": "inherited",
            "requester_pays": false,
            "retention_policy": [],
            "rpo": null,
            "self_link": "https://www.googleapis.com/storage/v1/b/gravitai-terraform-source",
            "soft_delete_policy": [
              {
                "effective_time": "2025-03-10T22:19:19.254Z",
                "retention_duration_seconds": 604800
              }
            ],
            "storage_class": "STANDARD",
            "terraform_labels": {},
            "timeouts": null,
            "uniform_bucket_level_access": true,
            "url": "gs://gravitai-terraform-source",
            "versioning": [],
            "website": []
          },
          "sensitive_attributes": [],
          "private": "eyJlMmJmYjczMC1lY2FhLTExZTYtOGY4OC0zNDM2M2JjN2M0YzAiOnsiY3JlYXRlIjo2MDAwMDAwMDAwMDAsInJlYWQiOjI0MDAwMDAwMDAwMCwidXBkYXRlIjoyNDAwMDAwMDAwMDB9LCJzY2hlbWFfdmVyc2lvbiI6IjIifQ=="
        }
      ]
    },
    {
      "mode": "managed",
      "type": "google_storage_bucket_object",
      "name": "file_process",
      "provider": "provider[\"registry.terraform.io/hashicorp/google\"]",
      "instances": [
        {
          "schema_version": 0,
          "attributes": {
            "bucket": "gravitai-terraform_cf_code_bucket",
            "cache_control": "",
            "content": null,
            "content_disposition": "",
            "content_encoding": "",
            "content_language": "",
            "content_type": "application/zip",
            "crc32c": "u+w9Fg==",
            "customer_encryption": [],
            "detect_md5hash": "r8liaIqqOkl01hYwLXf6Eg==",
            "event_based_hold": false,
            "generation": 1741643366511163,
            "id": "gravitai-terraform_cf_code_bucket-file-process.zip",
            "kms_key_name": "",
            "md5hash": "r8liaIqqOkl01hYwLXf6Eg==",
            "media_link": "https://storage.googleapis.com/download/storage/v1/b/gravitai-terraform_cf_code_bucket/o/file-process.zip?generation=1741643366511163\u0026alt=media",
            "metadata": {},
            "name": "file-process.zip",
            "output_name": "file-process.zip",
            "retention": [],
            "self_link": "https://www.googleapis.com/storage/v1/b/gravitai-terraform_cf_code_bucket/o/file-process.zip",
            "source": "file-process.zip",
            "storage_class": "STANDARD",
            "temporary_hold": false,
            "timeouts": null
          },
          "sensitive_attributes": [],
          "private": "eyJlMmJmYjczMC1lY2FhLTExZTYtOGY4OC0zNDM2M2JjN2M0YzAiOnsiY3JlYXRlIjoyNDAwMDAwMDAwMDAsImRlbGV0ZSI6MjQwMDAwMDAwMDAwLCJ1cGRhdGUiOjI0MDAwMDAwMDAwMH19",
          "dependencies": [
            "google_project_service.enable_apis",
            "google_storage_bucket.cf_code_bucket"
          ]
        }
      ]
    },
    {
      "mode": "managed",
      "type": "google_storage_bucket_object",
      "name": "file_validations",
      "provider": "provider[\"registry.terraform.io/hashicorp/google\"]",
      "instances": [
        {
          "schema_version": 0,
          "attributes": {
            "bucket": "gravitai-terraform_cf_code_bucket",
            "cache_control": "",
            "content": null,
            "content_disposition": "",
            "content_encoding": "",
            "content_language": "",
            "content_type": "application/zip",
            "crc32c": "XpdooA==",
            "customer_encryption": [],
            "detect_md5hash": "qNNc3yVGPEWY7dKiYsCgGA==",
            "event_based_hold": false,
            "generation": 1741646232871338,
            "id": "gravitai-terraform_cf_code_bucket-file-validations.zip",
            "kms_key_name": "",
            "md5hash": "qNNc3yVGPEWY7dKiYsCgGA==",
            "media_link": "https://storage.googleapis.com/download/storage/v1/b/gravitai-terraform_cf_code_bucket/o/file-validations.zip?generation=1741646232871338\u0026alt=media",
            "metadata": {},
            "name": "file-validations.zip",
            "output_name": "file-validations.zip",
            "retention": [],
            "self_link": "https://www.googleapis.com/storage/v1/b/gravitai-terraform_cf_code_bucket/o/file-validations.zip",
            "source": "file-validations.zip",
            "storage_class": "STANDARD",
            "temporary_hold": false,
            "timeouts": null
          },
          "sensitive_attributes": [],
          "private": "eyJlMmJmYjczMC1lY2FhLTExZTYtOGY4OC0zNDM2M2JjN2M0YzAiOnsiY3JlYXRlIjoyNDAwMDAwMDAwMDAsImRlbGV0ZSI6MjQwMDAwMDAwMDAwLCJ1cGRhdGUiOjI0MDAwMDAwMDAwMH19",
          "dependencies": [
            "google_storage_bucket.cf_code_bucket"
          ]
        }
      ]
    }
  ],
  "check_results": null
}
